lockVersion: 2.0.0
id: 00e725e5-8aba-4617-a46f-f647d6950222
management:
  docChecksum: 57c3249c0d8939335f2b15be6a4bc7c9
  docVersion: 36.2.0
  speakeasyVersion: 1.215.1
  generationVersion: 2.286.4
  releaseVersion: 0.15.0
  configChecksum: 24e505ef3570f5fb9400a23313f6087c
  repoURL: https://github.com/speakeasy-sdks/terraform-provider-segment-cdp.git
  repoSubDirectory: .
  published: true
features:
  terraform:
    core: 3.11.1
    globalSecurity: 2.81.6
    globalServerURLs: 2.82.1
generatedFiles:
  - internal/sdk/workspaces.go
  - internal/sdk/catalog.go
  - internal/sdk/destinationfilters.go
  - internal/sdk/destinations.go
  - internal/sdk/functions.go
  - internal/sdk/iamgroups.go
  - internal/sdk/iamusers.go
  - internal/sdk/labels.go
  - internal/sdk/deletionandsuppression.go
  - internal/sdk/reverseetl.go
  - internal/sdk/iamroles.go
  - internal/sdk/sources.go
  - internal/sdk/edgefunctions.go
  - internal/sdk/spaces.go
  - internal/sdk/audiences.go
  - internal/sdk/computedtraits.go
  - internal/sdk/profilessync.go
  - internal/sdk/trackingplans.go
  - internal/sdk/transformations.go
  - internal/sdk/warehouses.go
  - internal/sdk/selectivesync.go
  - internal/sdk/segmentpublicapi.go
  - internal/sdk/models/errors/sdkerror.go
  - internal/sdk/types/bigint.go
  - internal/sdk/types/date.go
  - internal/sdk/types/datetime.go
  - internal/sdk/types/decimal.go
  - internal/sdk/types/pointers.go
  - internal/sdk/internal/utils/contenttype.go
  - internal/sdk/internal/utils/form.go
  - internal/sdk/internal/utils/headers.go
  - internal/sdk/internal/utils/json.go
  - internal/sdk/internal/utils/pathparams.go
  - internal/sdk/internal/utils/queryparams.go
  - internal/sdk/internal/utils/requestbody.go
  - internal/sdk/internal/utils/retries.go
  - internal/sdk/internal/utils/security.go
  - internal/sdk/internal/utils/utils.go
  - internal/sdk/models/operations/getworkspace.go
  - internal/sdk/models/operations/getdestinationmetadata.go
  - internal/sdk/models/operations/getdestinationscatalog.go
  - internal/sdk/models/operations/getsourcemetadata.go
  - internal/sdk/models/operations/getsourcescatalog.go
  - internal/sdk/models/operations/getwarehousemetadata.go
  - internal/sdk/models/operations/getwarehousescatalog.go
  - internal/sdk/models/operations/createfilterfordestination.go
  - internal/sdk/models/operations/getfilterindestination.go
  - internal/sdk/models/operations/listfiltersfromdestination.go
  - internal/sdk/models/operations/previewdestinationfilter.go
  - internal/sdk/models/operations/removefilterfromdestination.go
  - internal/sdk/models/operations/updatefilterfordestination.go
  - internal/sdk/models/operations/createdestination.go
  - internal/sdk/models/operations/createdestinationsubscription.go
  - internal/sdk/models/operations/deletedestination.go
  - internal/sdk/models/operations/getdestination.go
  - internal/sdk/models/operations/getsubscriptionfromdestination.go
  - internal/sdk/models/operations/listdestinations.go
  - internal/sdk/models/operations/listsubscriptionsfromdestination.go
  - internal/sdk/models/operations/removesubscriptionfromdestination.go
  - internal/sdk/models/operations/updatedestination.go
  - internal/sdk/models/operations/updatesubscriptionfordestination.go
  - internal/sdk/models/operations/createfunction.go
  - internal/sdk/models/operations/createfunctiondeployment.go
  - internal/sdk/models/operations/createinsertfunctioninstance.go
  - internal/sdk/models/operations/deletefunction.go
  - internal/sdk/models/operations/deleteinsertfunctioninstance.go
  - internal/sdk/models/operations/getfunction.go
  - internal/sdk/models/operations/getfunctionversion.go
  - internal/sdk/models/operations/listfunctionversions.go
  - internal/sdk/models/operations/restorefunctionversion.go
  - internal/sdk/models/operations/updatefunction.go
  - internal/sdk/models/operations/updateinsertfunctioninstance.go
  - internal/sdk/models/operations/addpermissionstousergroup.go
  - internal/sdk/models/operations/adduserstousergroup.go
  - internal/sdk/models/operations/createusergroup.go
  - internal/sdk/models/operations/deleteusergroup.go
  - internal/sdk/models/operations/getusergroup.go
  - internal/sdk/models/operations/listinvitesfromusergroup.go
  - internal/sdk/models/operations/listusergroups.go
  - internal/sdk/models/operations/listusersfromusergroup.go
  - internal/sdk/models/operations/removeusersfromusergroup.go
  - internal/sdk/models/operations/replacepermissionsforusergroup.go
  - internal/sdk/models/operations/replaceusersinusergroup.go
  - internal/sdk/models/operations/updateusergroup.go
  - internal/sdk/models/operations/addpermissionstouser.go
  - internal/sdk/models/operations/createinvites.go
  - internal/sdk/models/operations/deleteinvites.go
  - internal/sdk/models/operations/deleteusers.go
  - internal/sdk/models/operations/getuser.go
  - internal/sdk/models/operations/listinvites.go
  - internal/sdk/models/operations/listusergroupsfromuser.go
  - internal/sdk/models/operations/listusers.go
  - internal/sdk/models/operations/replacepermissionsforuser.go
  - internal/sdk/models/operations/createlabel.go
  - internal/sdk/models/operations/deletelabel.go
  - internal/sdk/models/operations/listlabels.go
  - internal/sdk/models/operations/createcloudsourceregulation.go
  - internal/sdk/models/operations/createsourceregulation.go
  - internal/sdk/models/operations/createworkspaceregulation.go
  - internal/sdk/models/operations/deleteregulation.go
  - internal/sdk/models/operations/getregulation.go
  - internal/sdk/models/operations/listsuppressions.go
  - internal/sdk/models/operations/createreverseetlmodel.go
  - internal/sdk/models/operations/deletereverseetlmodel.go
  - internal/sdk/models/operations/getreverseetlmodel.go
  - internal/sdk/models/operations/listreverseetlmodels.go
  - internal/sdk/models/operations/updatereverseetlmodel.go
  - internal/sdk/models/operations/listroles.go
  - internal/sdk/models/operations/addlabelstosource.go
  - internal/sdk/models/operations/createsource.go
  - internal/sdk/models/operations/deletesource.go
  - internal/sdk/models/operations/getsource.go
  - internal/sdk/models/operations/listconnecteddestinationsfromsource.go
  - internal/sdk/models/operations/listconnectedwarehousesfromsource.go
  - internal/sdk/models/operations/listschemasettingsinsource.go
  - internal/sdk/models/operations/listsources.go
  - internal/sdk/models/operations/replacelabelsinsource.go
  - internal/sdk/models/operations/updateschemasettingsinsource.go
  - internal/sdk/models/operations/updatesource.go
  - internal/sdk/models/operations/createedgefunctions.go
  - internal/sdk/models/operations/disableedgefunctions.go
  - internal/sdk/models/operations/generateuploadurlforedgefunctions.go
  - internal/sdk/models/operations/getlatestfromedgefunctions.go
  - internal/sdk/models/operations/batchquerymessagingsubscriptionsforspace.go
  - internal/sdk/models/operations/getspace.go
  - internal/sdk/models/operations/replacemessagingsubscriptionsinspaces.go
  - internal/sdk/models/operations/getaudience.go
  - internal/sdk/models/operations/listaudiences.go
  - internal/sdk/models/operations/removeaudiencefromspace.go
  - internal/sdk/models/operations/updateaudienceforspace.go
  - internal/sdk/models/operations/getcomputedtrait.go
  - internal/sdk/models/operations/listcomputedtraits.go
  - internal/sdk/models/operations/removecomputedtraitfromspace.go
  - internal/sdk/models/operations/updatecomputedtraitforspace.go
  - internal/sdk/models/operations/createprofileswarehouse.go
  - internal/sdk/models/operations/listprofileswarehouseinspace.go
  - internal/sdk/models/operations/listselectivesyncsfromwarehouseandspace.go
  - internal/sdk/models/operations/removeprofileswarehousefromspace.go
  - internal/sdk/models/operations/updateprofileswarehouseforspacewarehouse.go
  - internal/sdk/models/operations/updateselectivesyncforwarehouseandspace.go
  - internal/sdk/models/operations/addsourcetotrackingplan.go
  - internal/sdk/models/operations/createtrackingplan.go
  - internal/sdk/models/operations/deletetrackingplan.go
  - internal/sdk/models/operations/gettrackingplan.go
  - internal/sdk/models/operations/listrulesfromtrackingplan.go
  - internal/sdk/models/operations/listsourcesfromtrackingplan.go
  - internal/sdk/models/operations/replacerulesintrackingplan.go
  - internal/sdk/models/operations/updaterulesintrackingplan.go
  - internal/sdk/models/operations/updatetrackingplan.go
  - internal/sdk/models/operations/createtransformation.go
  - internal/sdk/models/operations/deletetransformation.go
  - internal/sdk/models/operations/gettransformation.go
  - internal/sdk/models/operations/listtransformations.go
  - internal/sdk/models/operations/updatetransformation.go
  - internal/sdk/models/operations/addconnectionfromsourcetowarehouse.go
  - internal/sdk/models/operations/createvalidationinwarehouse.go
  - internal/sdk/models/operations/createwarehouse.go
  - internal/sdk/models/operations/deletewarehouse.go
  - internal/sdk/models/operations/getconnectionstatefromwarehouse.go
  - internal/sdk/models/operations/getwarehouse.go
  - internal/sdk/models/operations/listconnectedsourcesfromwarehouse.go
  - internal/sdk/models/operations/listwarehouses.go
  - internal/sdk/models/operations/removesourceconnectionfromwarehouse.go
  - internal/sdk/models/operations/updatewarehouse.go
  - internal/sdk/models/operations/getadvancedsyncschedulefromwarehouse.go
  - internal/sdk/models/operations/listselectivesyncsfromwarehouseandsource.go
  - internal/sdk/models/operations/listsyncsfromwarehouse.go
  - internal/sdk/models/operations/listsyncsfromwarehouseandsource.go
  - internal/sdk/models/operations/replaceadvancedsyncscheduleforwarehouse.go
  - internal/sdk/models/operations/updateselectivesyncforwarehouse.go
  - internal/sdk/models/shared/requesterrorenvelope.go
  - internal/sdk/models/shared/requesterror.go
  - internal/sdk/models/shared/getworkspacev1output.go
  - internal/sdk/models/shared/getdestinationmetadatav1output.go
  - internal/sdk/models/shared/destinationmetadatasubscriptionpresetv1.go
  - internal/sdk/models/shared/integrationoptionbeta.go
  - internal/sdk/models/shared/contact.go
  - internal/sdk/models/shared/destinationmetadatacomponentv1.go
  - internal/sdk/models/shared/destinationmetadataactionv1.go
  - internal/sdk/models/shared/destinationmetadataactionfieldv1.go
  - internal/sdk/models/shared/getdestinationscatalogv1output.go
  - internal/sdk/models/shared/destinationmetadatav1.go
  - internal/sdk/models/shared/paginationinput.go
  - internal/sdk/models/shared/getsourcemetadatav1output.go
  - internal/sdk/models/shared/getsourcescatalogv1output.go
  - internal/sdk/models/shared/sourcemetadatav1.go
  - internal/sdk/models/shared/getwarehousemetadatav1output.go
  - internal/sdk/models/shared/getwarehousescatalogv1output.go
  - internal/sdk/models/shared/warehousemetadatav1.go
  - internal/sdk/models/shared/createfilterfordestinationv1output.go
  - internal/sdk/models/shared/destinationfilteractionv1.go
  - internal/sdk/models/shared/createfilterfordestinationv1input.go
  - internal/sdk/models/shared/getfilterindestinationv1output.go
  - internal/sdk/models/shared/listfiltersfromdestinationv1output.go
  - internal/sdk/models/shared/destinationfilterv1.go
  - internal/sdk/models/shared/previewdestinationfilterv1output.go
  - internal/sdk/models/shared/previewdestinationfilterv1input.go
  - internal/sdk/models/shared/removefilterfromdestinationv1output.go
  - internal/sdk/models/shared/updatefilterfordestinationv1output.go
  - internal/sdk/models/shared/updatefilterfordestinationv1input.go
  - internal/sdk/models/shared/createdestinationv1output.go
  - internal/sdk/models/shared/createdestinationv1input.go
  - internal/sdk/models/shared/createdestinationsubscriptionalphaoutput.go
  - internal/sdk/models/shared/createdestinationsubscriptionalphainput.go
  - internal/sdk/models/shared/deletedestinationv1output.go
  - internal/sdk/models/shared/getdestinationv1output.go
  - internal/sdk/models/shared/getsubscriptionfromdestinationalphaoutput.go
  - internal/sdk/models/shared/listdestinationsv1output.go
  - internal/sdk/models/shared/destinationv1.go
  - internal/sdk/models/shared/listsubscriptionsfromdestinationalphaoutput.go
  - internal/sdk/models/shared/destinationsubscription.go
  - internal/sdk/models/shared/removesubscriptionfromdestinationalphaoutput.go
  - internal/sdk/models/shared/updatedestinationv1output.go
  - internal/sdk/models/shared/updatedestinationv1input.go
  - internal/sdk/models/shared/updatesubscriptionfordestinationalphaoutput.go
  - internal/sdk/models/shared/updatesubscriptionfordestinationalphainput.go
  - internal/sdk/models/shared/createfunctionv1output.go
  - internal/sdk/models/shared/functionsettingv1.go
  - internal/sdk/models/shared/createfunctionv1input.go
  - internal/sdk/models/shared/createfunctiondeploymentv1output.go
  - internal/sdk/models/shared/createinsertfunctioninstancealphaoutput.go
  - internal/sdk/models/shared/createinsertfunctioninstancealphainput.go
  - internal/sdk/models/shared/deletefunctionv1output.go
  - internal/sdk/models/shared/deleteinsertfunctioninstancealphaoutput.go
  - internal/sdk/models/shared/getfunctionv1output.go
  - internal/sdk/models/shared/getfunctionversionalphaoutput.go
  - internal/sdk/models/shared/listfunctionversionsalphaoutput.go
  - internal/sdk/models/shared/version.go
  - internal/sdk/models/shared/restorefunctionversionalphaoutput.go
  - internal/sdk/models/shared/restorefunctionversionalphainput.go
  - internal/sdk/models/shared/updatefunctionv1output.go
  - internal/sdk/models/shared/updatefunctionv1input.go
  - internal/sdk/models/shared/updateinsertfunctioninstancealphaoutput.go
  - internal/sdk/models/shared/updateinsertfunctioninstancealphainput.go
  - internal/sdk/models/shared/addpermissionstousergroupv1output.go
  - internal/sdk/models/shared/accesspermissionv1.go
  - internal/sdk/models/shared/permissionresourcev1.go
  - internal/sdk/models/shared/allowedlabelbeta.go
  - internal/sdk/models/shared/addpermissionstousergroupv1input.go
  - internal/sdk/models/shared/permissioninputv1.go
  - internal/sdk/models/shared/adduserstousergroupv1output.go
  - internal/sdk/models/shared/permissionv1.go
  - internal/sdk/models/shared/adduserstousergroupv1input.go
  - internal/sdk/models/shared/createusergroupv1output.go
  - internal/sdk/models/shared/createusergroupv1input.go
  - internal/sdk/models/shared/deleteusergroupv1output.go
  - internal/sdk/models/shared/getusergroupv1output.go
  - internal/sdk/models/shared/listinvitesfromusergroupv1output.go
  - internal/sdk/models/shared/listusergroupsv1output.go
  - internal/sdk/models/shared/usergroupv1.go
  - internal/sdk/models/shared/listusersfromusergroupv1output.go
  - internal/sdk/models/shared/minimaluserv1.go
  - internal/sdk/models/shared/removeusersfromusergroupv1output.go
  - internal/sdk/models/shared/replacepermissionsforusergroupv1output.go
  - internal/sdk/models/shared/replacepermissionsforusergroupv1input.go
  - internal/sdk/models/shared/replaceusersinusergroupv1output.go
  - internal/sdk/models/shared/replaceusersinusergroupv1input.go
  - internal/sdk/models/shared/updateusergroupv1output.go
  - internal/sdk/models/shared/updateusergroupv1input.go
  - internal/sdk/models/shared/addpermissionstouserv1output.go
  - internal/sdk/models/shared/addpermissionstouserv1input.go
  - internal/sdk/models/shared/createinvitesv1output.go
  - internal/sdk/models/shared/createinvitesv1input.go
  - internal/sdk/models/shared/invitev1.go
  - internal/sdk/models/shared/invitepermissionv1.go
  - internal/sdk/models/shared/resourcev1.go
  - internal/sdk/models/shared/deleteinvitesv1output.go
  - internal/sdk/models/shared/deleteusersv1output.go
  - internal/sdk/models/shared/getuserv1output.go
  - internal/sdk/models/shared/listinvitesv1output.go
  - internal/sdk/models/shared/listusergroupsfromuserv1output.go
  - internal/sdk/models/shared/minimalusergroupv1.go
  - internal/sdk/models/shared/listusersv1output.go
  - internal/sdk/models/shared/userv1.go
  - internal/sdk/models/shared/replacepermissionsforuserv1output.go
  - internal/sdk/models/shared/replacepermissionsforuserv1input.go
  - internal/sdk/models/shared/createlabelv1output.go
  - internal/sdk/models/shared/createlabelv1input.go
  - internal/sdk/models/shared/deletelabelv1output.go
  - internal/sdk/models/shared/deletelabelalphaoutput.go
  - internal/sdk/models/shared/listlabelsv1output.go
  - internal/sdk/models/shared/labelv1.go
  - internal/sdk/models/shared/listlabelsalphaoutput.go
  - internal/sdk/models/shared/labelalpha.go
  - internal/sdk/models/shared/createcloudsourceregulationv1output.go
  - internal/sdk/models/shared/createcloudsourceregulationv1input.go
  - internal/sdk/models/shared/createsourceregulationv1output.go
  - internal/sdk/models/shared/createsourceregulationv1input.go
  - internal/sdk/models/shared/createworkspaceregulationv1output.go
  - internal/sdk/models/shared/createworkspaceregulationv1input.go
  - internal/sdk/models/shared/deleteregulationv1output.go
  - internal/sdk/models/shared/getregulationv1output.go
  - internal/sdk/models/shared/streamstatusv1.go
  - internal/sdk/models/shared/destinationstatusv1.go
  - internal/sdk/models/shared/listsuppressionsv1output.go
  - internal/sdk/models/shared/createreverseetlmodeloutput.go
  - internal/sdk/models/shared/createreverseetlmodelinput.go
  - internal/sdk/models/shared/deletereverseetlmodeloutput.go
  - internal/sdk/models/shared/getreverseetlmodeloutput.go
  - internal/sdk/models/shared/listreverseetlmodelsoutput.go
  - internal/sdk/models/shared/reverseetlmodel.go
  - internal/sdk/models/shared/updatereverseetlmodeloutput.go
  - internal/sdk/models/shared/updatereverseetlmodelinput.go
  - internal/sdk/models/shared/listrolesv1output.go
  - internal/sdk/models/shared/rolev1.go
  - internal/sdk/models/shared/addlabelstosourcev1output.go
  - internal/sdk/models/shared/addlabelstosourcealphaoutput.go
  - internal/sdk/models/shared/addlabelstosourcev1input.go
  - internal/sdk/models/shared/createsourcev1output.go
  - internal/sdk/models/shared/createsourcealphaoutput.go
  - internal/sdk/models/shared/createsourcev1input.go
  - internal/sdk/models/shared/deletesourcev1output.go
  - internal/sdk/models/shared/deletesourcealphaoutput.go
  - internal/sdk/models/shared/getsourcev1output.go
  - internal/sdk/models/shared/getsourcealphaoutput.go
  - internal/sdk/models/shared/listconnecteddestinationsfromsourcev1output.go
  - internal/sdk/models/shared/listconnecteddestinationsfromsourcealphaoutput.go
  - internal/sdk/models/shared/listconnectedwarehousesfromsourcev1output.go
  - internal/sdk/models/shared/warehousev1.go
  - internal/sdk/models/shared/listconnectedwarehousesfromsourcealphaoutput.go
  - internal/sdk/models/shared/listschemasettingsinsourcev1output.go
  - internal/sdk/models/shared/listsourcesv1output.go
  - internal/sdk/models/shared/sourcev1.go
  - internal/sdk/models/shared/listsourcesalphaoutput.go
  - internal/sdk/models/shared/sourcealpha.go
  - internal/sdk/models/shared/replacelabelsinsourcev1output.go
  - internal/sdk/models/shared/replacelabelsinsourcealphaoutput.go
  - internal/sdk/models/shared/replacelabelsinsourcev1input.go
  - internal/sdk/models/shared/updateschemasettingsinsourcev1output.go
  - internal/sdk/models/shared/updateschemasettingsinsourcev1input.go
  - internal/sdk/models/shared/updatesourcev1output.go
  - internal/sdk/models/shared/updatesourcealphaoutput.go
  - internal/sdk/models/shared/updatesourcev1input.go
  - internal/sdk/models/shared/createedgefunctionsalphaoutput.go
  - internal/sdk/models/shared/createedgefunctionsalphainput.go
  - internal/sdk/models/shared/disableedgefunctionsalphaoutput.go
  - internal/sdk/models/shared/generateuploadurlforedgefunctionsalphaoutput.go
  - internal/sdk/models/shared/getlatestfromedgefunctionsalphaoutput.go
  - internal/sdk/models/shared/batchquerymessagingsubscriptionsforspacealphaoutput.go
  - internal/sdk/models/shared/getmessagingsubscriptionsuccessresponse.go
  - internal/sdk/models/shared/groupsubscriptionstatusresponse.go
  - internal/sdk/models/shared/getmessagingsubscriptionfailureresponse.go
  - internal/sdk/models/shared/messagesubscriptionresponseerror.go
  - internal/sdk/models/shared/batchquerymessagingsubscriptionsforspacealphainput.go
  - internal/sdk/models/shared/getsubscriptionrequest.go
  - internal/sdk/models/shared/getspacealphaoutput.go
  - internal/sdk/models/shared/replacemessagingsubscriptionsinspacesalphaoutput.go
  - internal/sdk/models/shared/messagesubscriptionresponse.go
  - internal/sdk/models/shared/updategroupsubscriptionstatusresponse.go
  - internal/sdk/models/shared/replacemessagingsubscriptionsinspacesalphainput.go
  - internal/sdk/models/shared/messagessubscriptionrequest.go
  - internal/sdk/models/shared/groupsubscriptionstatus.go
  - internal/sdk/models/shared/getaudiencealphaoutput.go
  - internal/sdk/models/shared/listaudiencesalphaoutput.go
  - internal/sdk/models/shared/audiencesummary.go
  - internal/sdk/models/shared/removeaudiencefromspacealphaoutput.go
  - internal/sdk/models/shared/updateaudienceforspacealphaoutput.go
  - internal/sdk/models/shared/updateaudienceforspaceinput.go
  - internal/sdk/models/shared/getcomputedtraitalphaoutput.go
  - internal/sdk/models/shared/listcomputedtraitsalphaoutput.go
  - internal/sdk/models/shared/computedtraitsummary.go
  - internal/sdk/models/shared/removecomputedtraitfromspacealphaoutput.go
  - internal/sdk/models/shared/updatecomputedtraitforspacealphaoutput.go
  - internal/sdk/models/shared/updatecomputedtraitforspacealphainput.go
  - internal/sdk/models/shared/createprofileswarehousealphaoutput.go
  - internal/sdk/models/shared/createprofileswarehousealphainput.go
  - internal/sdk/models/shared/listprofileswarehouseinspacealphaoutput.go
  - internal/sdk/models/shared/profileswarehousealpha.go
  - internal/sdk/models/shared/listselectivesyncsfromwarehouseandspacealphaoutput.go
  - internal/sdk/models/shared/spacewarehouseselectivesyncitemalpha.go
  - internal/sdk/models/shared/removeprofileswarehousefromspacealphaoutput.go
  - internal/sdk/models/shared/updateprofileswarehouseforspacewarehousealphaoutput.go
  - internal/sdk/models/shared/updateprofileswarehouseforspacewarehousealphainput.go
  - internal/sdk/models/shared/updateselectivesyncforwarehouseandspacealphaoutput.go
  - internal/sdk/models/shared/updateselectivesyncforwarehouseandspacealphainput.go
  - internal/sdk/models/shared/spacewarehouseschemaoverride.go
  - internal/sdk/models/shared/addsourcetotrackingplanv1output.go
  - internal/sdk/models/shared/addsourcetotrackingplanv1input.go
  - internal/sdk/models/shared/createtrackingplanv1output.go
  - internal/sdk/models/shared/createtrackingplanv1input.go
  - internal/sdk/models/shared/deletetrackingplanv1output.go
  - internal/sdk/models/shared/gettrackingplanv1output.go
  - internal/sdk/models/shared/listrulesfromtrackingplanv1output.go
  - internal/sdk/models/shared/rulev1.go
  - internal/sdk/models/shared/listsourcesfromtrackingplanv1output.go
  - internal/sdk/models/shared/replacerulesintrackingplanv1output.go
  - internal/sdk/models/shared/replacerulesintrackingplanv1input.go
  - internal/sdk/models/shared/ruleinputv1.go
  - internal/sdk/models/shared/updaterulesintrackingplanv1output.go
  - internal/sdk/models/shared/updaterulesintrackingplanv1input.go
  - internal/sdk/models/shared/upsertrulev1.go
  - internal/sdk/models/shared/updatetrackingplanv1output.go
  - internal/sdk/models/shared/updatetrackingplanv1input.go
  - internal/sdk/models/shared/createtransformationv1output.go
  - internal/sdk/models/shared/propertyvaluetransformationv1.go
  - internal/sdk/models/shared/propertyrenamev1.go
  - internal/sdk/models/shared/fqldefinedpropertyv1.go
  - internal/sdk/models/shared/createtransformationv1input.go
  - internal/sdk/models/shared/deletetransformationv1output.go
  - internal/sdk/models/shared/gettransformationv1output.go
  - internal/sdk/models/shared/listtransformationsv1output.go
  - internal/sdk/models/shared/transformationv1.go
  - internal/sdk/models/shared/updatetransformationv1output.go
  - internal/sdk/models/shared/updatetransformationv1input.go
  - internal/sdk/models/shared/addconnectionfromsourcetowarehousev1output.go
  - internal/sdk/models/shared/createvalidationinwarehousev1output.go
  - internal/sdk/models/shared/createvalidationinwarehousev1input.go
  - internal/sdk/models/shared/createwarehousev1output.go
  - internal/sdk/models/shared/createwarehousev1input.go
  - internal/sdk/models/shared/deletewarehousev1output.go
  - internal/sdk/models/shared/getconnectionstatefromwarehousev1output.go
  - internal/sdk/models/shared/getwarehousev1output.go
  - internal/sdk/models/shared/listconnectedsourcesfromwarehousev1output.go
  - internal/sdk/models/shared/listwarehousesv1output.go
  - internal/sdk/models/shared/removesourceconnectionfromwarehousev1output.go
  - internal/sdk/models/shared/updatewarehousev1output.go
  - internal/sdk/models/shared/updatewarehousev1input.go
  - internal/sdk/models/shared/getadvancedsyncschedulefromwarehousev1output.go
  - internal/sdk/models/shared/warehouseadvancedsyncv1.go
  - internal/sdk/models/shared/listselectivesyncsfromwarehouseandsourcev1output.go
  - internal/sdk/models/shared/warehouseselectivesyncitemv1.go
  - internal/sdk/models/shared/listsyncsfromwarehousev1output.go
  - internal/sdk/models/shared/syncv1.go
  - internal/sdk/models/shared/syncnoticev1.go
  - internal/sdk/models/shared/listsyncsfromwarehouseandsourcev1output.go
  - internal/sdk/models/shared/replaceadvancedsyncscheduleforwarehousev1output.go
  - internal/sdk/models/shared/replaceadvancedsyncscheduleforwarehousev1input.go
  - internal/sdk/models/shared/updateselectivesyncforwarehousev1output.go
  - internal/sdk/models/shared/updateselectivesyncforwarehousev1input.go
  - internal/sdk/models/shared/warehousesyncoverridev1.go
  - internal/sdk/models/shared/security.go
  - internal/sdk/.gitignore
  - internal/sdk/models/operations/options.go
  - internal/sdk/.gitattributes
  - internal/sdk/internal/hooks/hooks.go
  - examples/README.md
  - go.mod
  - go.sum
  - internal/planmodifiers/boolplanmodifier/suppress_diff.go
  - internal/planmodifiers/float64planmodifier/suppress_diff.go
  - internal/planmodifiers/int64planmodifier/suppress_diff.go
  - internal/planmodifiers/listplanmodifier/suppress_diff.go
  - internal/planmodifiers/mapplanmodifier/suppress_diff.go
  - internal/planmodifiers/numberplanmodifier/suppress_diff.go
  - internal/planmodifiers/objectplanmodifier/suppress_diff.go
  - internal/planmodifiers/setplanmodifier/suppress_diff.go
  - internal/planmodifiers/stringplanmodifier/suppress_diff.go
  - internal/planmodifiers/utils/state_check.go
  - internal/provider/reflect/diags.go
  - internal/provider/reflect/doc.go
  - internal/provider/reflect/generic_attr_value.go
  - internal/provider/reflect/helpers.go
  - internal/provider/reflect/interfaces.go
  - internal/provider/reflect/into.go
  - internal/provider/reflect/map.go
  - internal/provider/reflect/number.go
  - internal/provider/reflect/options.go
  - internal/provider/reflect/outof.go
  - internal/provider/reflect/pointer.go
  - internal/provider/reflect/primitive.go
  - internal/provider/reflect/slice.go
  - internal/provider/reflect/struct.go
  - internal/provider/utils.go
  - internal/validators/DateValidator.go
  - internal/validators/ExactlyOneChild.go
  - internal/validators/JSONParseValidator.go
  - internal/validators/RFC3339Validator.go
  - internal/validators/boolvalidators/not_null.go
  - internal/validators/float64validators/not_null.go
  - internal/validators/int64validators/not_null.go
  - internal/validators/listvalidators/not_null.go
  - internal/validators/mapvalidators/not_null.go
  - internal/validators/numbervalidators/not_null.go
  - internal/validators/objectvalidators/not_null.go
  - internal/validators/setvalidators/not_null.go
  - internal/validators/stringvalidators/not_null.go
  - main.go
  - terraform-registry-manifest.json
  - tools/tools.go
  - USAGE.md
  - internal/provider/provider.go
  - examples/provider/provider.tf
  - .gitattributes
